
Microsoft Visual Studio Solution File, Format Version 12.00
# Visual Studio Version 16
VisualStudioVersion = 16.0.31515.178
MinimumVisualStudioVersion = 10.0.40219.1
Project("{FAE04EC0-301F-11D3-BF4B-00C04F79EFBC}") = "BookStore1", "BookStore1\BookStore1.csproj", "{D10BFDD2-A1C1-401D-B4A8-6492F8B2510C}"
EndProject
Global
	GlobalSection(SolutionConfigurationPlatforms) = preSolution
		Debug|Any CPU = Debug|Any CPU
		Release|Any CPU = Release|Any CPU
	EndGlobalSection
	GlobalSection(ProjectConfigurationPlatforms) = postSolution
		{D10BFDD2-A1C1-401D-B4A8-6492F8B2510C}.Debug|Any CPU.ActiveCfg = Debug|Any CPU
		{D10BFDD2-A1C1-401D-B4A8-6492F8B2510C}.Debug|Any CPU.Build.0 = Debug|Any CPU
		{D10BFDD2-A1C1-401D-B4A8-6492F8B2510C}.Release|Any CPU.ActiveCfg = Release|Any CPU
		{D10BFDD2-A1C1-401D-B4A8-6492F8B2510C}.Release|Any CPU.Build.0 = Release|Any CPU
	EndGlobalSection
	GlobalSection(SolutionProperties) = preSolution
		HideSolutionNode = FALSE
	EndGlobalSection
	GlobalSection(ExtensibilityGlobals) = postSolution
		SolutionGuid = {7FDB2682-4DE0-4A14-AE9E-94DD36E1D3F9}
	EndGlobalSection
EndGlobal
